
Microsoft Visual Studio Solution File, Format Version 12.00
# Visual Studio 14
VisualStudioVersion = 14.0.23107.0
MinimumVisualStudioVersion = 10.0.40219.1
Project("{FAE04EC0-301F-11D3-BF4B-00C04F79EFBC}") = "NEXA.DataService.Services", "NEXA.DataService.Services.csproj", "{F70FB903-AD4B-4D27-8DA5-7E940B35143F}"
EndProject
Project("{FAE04EC0-301F-11D3-BF4B-00C04F79EFBC}") = "NEXA.DataService.Common", "..\DMS.DataService.Common\NEXA.DataService.Common.csproj", "{492CE4B6-93D0-4A5E-924B-54530A2D696F}"
EndProject
Project("{FAE04EC0-301F-11D3-BF4B-00C04F79EFBC}") = "NEXA.DataService.DataContract", "..\DMS.DataService.DataContract\NEXA.DataService.DataContract.csproj", "{C6A16A92-EBB2-4D48-96DB-08A5396881DB}"
EndProject
Project("{FAE04EC0-301F-11D3-BF4B-00C04F79EFBC}") = "NEXA.DataService.DataLayer", "..\DMS.DataService.DataLayer\NEXA.DataService.DataLayer.csproj", "{D9A771B0-FF6B-4237-819E-6252168E7170}"
EndProject
Project("{FAE04EC0-301F-11D3-BF4B-00C04F79EFBC}") = "NEXA.DataService.LogHelper", "..\DMS.DataService.LogHelper\NEXA.DataService.LogHelper.csproj", "{6E1148F4-F7E0-440D-9F90-5CE1C256D15D}"
EndProject
Project("{FAE04EC0-301F-11D3-BF4B-00C04F79EFBC}") = "NEXA.DataService.ServiceContract", "..\DMS.DataService.ServiceContract\NEXA.DataService.ServiceContract.csproj", "{16370259-D90E-4A16-BB50-0D87997839AD}"
EndProject
Project("{FAE04EC0-301F-11D3-BF4B-00C04F79EFBC}") = "NEXA.DataService.Business", "..\DMS.DataService.Business\NEXA.DataService.Business.csproj", "{2A828C0F-25F7-41A1-BDA9-D1E22FCF9409}"
EndProject
Global
	GlobalSection(SolutionConfigurationPlatforms) = preSolution
		Debug|Any CPU = Debug|Any CPU
		Release|Any CPU = Release|Any CPU
	EndGlobalSection
	GlobalSection(ProjectConfigurationPlatforms) = postSolution
		{F70FB903-AD4B-4D27-8DA5-7E940B35143F}.Debug|Any CPU.ActiveCfg = Debug|Any CPU
		{F70FB903-AD4B-4D27-8DA5-7E940B35143F}.Debug|Any CPU.Build.0 = Debug|Any CPU
		{F70FB903-AD4B-4D27-8DA5-7E940B35143F}.Release|Any CPU.ActiveCfg = Release|Any CPU
		{F70FB903-AD4B-4D27-8DA5-7E940B35143F}.Release|Any CPU.Build.0 = Release|Any CPU
		{492CE4B6-93D0-4A5E-924B-54530A2D696F}.Debug|Any CPU.ActiveCfg = Debug|Any CPU
		{492CE4B6-93D0-4A5E-924B-54530A2D696F}.Debug|Any CPU.Build.0 = Debug|Any CPU
		{492CE4B6-93D0-4A5E-924B-54530A2D696F}.Release|Any CPU.ActiveCfg = Release|Any CPU
		{492CE4B6-93D0-4A5E-924B-54530A2D696F}.Release|Any CPU.Build.0 = Release|Any CPU
		{C6A16A92-EBB2-4D48-96DB-08A5396881DB}.Debug|Any CPU.ActiveCfg = Debug|Any CPU
		{C6A16A92-EBB2-4D48-96DB-08A5396881DB}.Debug|Any CPU.Build.0 = Debug|Any CPU
		{C6A16A92-EBB2-4D48-96DB-08A5396881DB}.Release|Any CPU.ActiveCfg = Release|Any CPU
		{C6A16A92-EBB2-4D48-96DB-08A5396881DB}.Release|Any CPU.Build.0 = Release|Any CPU
		{D9A771B0-FF6B-4237-819E-6252168E7170}.Debug|Any CPU.ActiveCfg = Debug|Any CPU
		{D9A771B0-FF6B-4237-819E-6252168E7170}.Debug|Any CPU.Build.0 = Debug|Any CPU
		{D9A771B0-FF6B-4237-819E-6252168E7170}.Release|Any CPU.ActiveCfg = Release|Any CPU
		{D9A771B0-FF6B-4237-819E-6252168E7170}.Release|Any CPU.Build.0 = Release|Any CPU
		{6E1148F4-F7E0-440D-9F90-5CE1C256D15D}.Debug|Any CPU.ActiveCfg = Debug|Any CPU
		{6E1148F4-F7E0-440D-9F90-5CE1C256D15D}.Debug|Any CPU.Build.0 = Debug|Any CPU
		{6E1148F4-F7E0-440D-9F90-5CE1C256D15D}.Release|Any CPU.ActiveCfg = Release|Any CPU
		{6E1148F4-F7E0-440D-9F90-5CE1C256D15D}.Release|Any CPU.Build.0 = Release|Any CPU
		{16370259-D90E-4A16-BB50-0D87997839AD}.Debug|Any CPU.ActiveCfg = Debug|Any CPU
		{16370259-D90E-4A16-BB50-0D87997839AD}.Debug|Any CPU.Build.0 = Debug|Any CPU
		{16370259-D90E-4A16-BB50-0D87997839AD}.Release|Any CPU.ActiveCfg = Release|Any CPU
		{16370259-D90E-4A16-BB50-0D87997839AD}.Release|Any CPU.Build.0 = Release|Any CPU
		{2A828C0F-25F7-41A1-BDA9-D1E22FCF9409}.Debug|Any CPU.ActiveCfg = Debug|Any CPU
		{2A828C0F-25F7-41A1-BDA9-D1E22FCF9409}.Debug|Any CPU.Build.0 = Debug|Any CPU
		{2A828C0F-25F7-41A1-BDA9-D1E22FCF9409}.Release|Any CPU.ActiveCfg = Release|Any CPU
		{2A828C0F-25F7-41A1-BDA9-D1E22FCF9409}.Release|Any CPU.Build.0 = Release|Any CPU
	EndGlobalSection
	GlobalSection(SolutionProperties) = preSolution
		HideSolutionNode = FALSE
	EndGlobalSection
EndGlobal
